// !$*UTF8*$!
{
	archiveVersion = 1;
	classes = {
	};
	objectVersion = 50;
	objects = {

/* Begin PBXBuildFile section */
		3F2BF917245073EE00B2CCA6 /* ImageService.swift in Sources */ = {isa = PBXBuildFile; fileRef = 3F2BF916245073EE00B2CCA6 /* ImageService.swift */; };
		4C262C0A2450CFA600B2D21C /* CellsID.swift in Sources */ = {isa = PBXBuildFile; fileRef = 4C262C092450CFA600B2D21C /* CellsID.swift */; };
		4C97F2AB244C137A006D760F /* mockAlbum.json in Resources */ = {isa = PBXBuildFile; fileRef = 4C97F2AA244C137A006D760F /* mockAlbum.json */; };
		4C97F2AD244CF263006D760F /* Album.swift in Sources */ = {isa = PBXBuildFile; fileRef = 4C97F2AC244CF263006D760F /* Album.swift */; };
		4C97F2B2244CFF3F006D760F /* AlbumViewModel.swift in Sources */ = {isa = PBXBuildFile; fileRef = 4C97F2B1244CFF3F006D760F /* AlbumViewModel.swift */; };
		4C97F2B5244D00B9006D760F /* AlbumsService.swift in Sources */ = {isa = PBXBuildFile; fileRef = 4C97F2B4244D00B9006D760F /* AlbumsService.swift */; };
		4C97F2B7244D01DA006D760F /* AppleITuneAPI.swift in Sources */ = {isa = PBXBuildFile; fileRef = 4C97F2B6244D01DA006D760F /* AppleITuneAPI.swift */; };
		4C97F2BC244D13A6006D760F /* DetailViewController.swift in Sources */ = {isa = PBXBuildFile; fileRef = 4C97F2BB244D13A6006D760F /* DetailViewController.swift */; };
		4CB95777244EBA9B00A00229 /* UIView+Constraints.swift in Sources */ = {isa = PBXBuildFile; fileRef = 4CB95776244EBA9B00A00229 /* UIView+Constraints.swift */; };
		4CB95779244ED5E800A00229 /* URL+DownloadImage.swift in Sources */ = {isa = PBXBuildFile; fileRef = 4CB95778244ED5E800A00229 /* URL+DownloadImage.swift */; };
		4CB9577B244EE6C200A00229 /* AlbumInfoViewModel.swift in Sources */ = {isa = PBXBuildFile; fileRef = 4CB9577A244EE6C200A00229 /* AlbumInfoViewModel.swift */; };
		4CD206C0244AC1F100560B93 /* AppDelegate.swift in Sources */ = {isa = PBXBuildFile; fileRef = 4CD206BF244AC1F100560B93 /* AppDelegate.swift */; };
		4CD206C4244AC1F100560B93 /* HomeViewController.swift in Sources */ = {isa = PBXBuildFile; fileRef = 4CD206C3244AC1F100560B93 /* HomeViewController.swift */; };
		4CD206C9244AC1F300560B93 /* Assets.xcassets in Resources */ = {isa = PBXBuildFile; fileRef = 4CD206C8244AC1F300560B93 /* Assets.xcassets */; };
		4CD206CC244AC1F300560B93 /* LaunchScreen.storyboard in Resources */ = {isa = PBXBuildFile; fileRef = 4CD206CA244AC1F300560B93 /* LaunchScreen.storyboard */; };
		4CD206D4244B00D300560B93 /* CustomTableViewCell.swift in Sources */ = {isa = PBXBuildFile; fileRef = 4CD206D3244B00D300560B93 /* CustomTableViewCell.swift */; };
/* End PBXBuildFile section */

/* Begin PBXFileReference section */
		3F2BF916245073EE00B2CCA6 /* ImageService.swift */ = {isa = PBXFileReference; lastKnownFileType = sourcecode.swift; path = ImageService.swift; sourceTree = "<group>"; };
		4C262C092450CFA600B2D21C /* CellsID.swift */ = {isa = PBXFileReference; lastKnownFileType = sourcecode.swift; path = CellsID.swift; sourceTree = "<group>"; };
		4C97F2AA244C137A006D760F /* mockAlbum.json */ = {isa = PBXFileReference; lastKnownFileType = text.json; path = mockAlbum.json; sourceTree = "<group>"; };
		4C97F2AC244CF263006D760F /* Album.swift */ = {isa = PBXFileReference; lastKnownFileType = sourcecode.swift; path = Album.swift; sourceTree = "<group>"; };
		4C97F2B1244CFF3F006D760F /* AlbumViewModel.swift */ = {isa = PBXFileReference; lastKnownFileType = sourcecode.swift; path = AlbumViewModel.swift; sourceTree = "<group>"; };
		4C97F2B4244D00B9006D760F /* AlbumsService.swift */ = {isa = PBXFileReference; lastKnownFileType = sourcecode.swift; path = AlbumsService.swift; sourceTree = "<group>"; };
		4C97F2B6244D01DA006D760F /* AppleITuneAPI.swift */ = {isa = PBXFileReference; lastKnownFileType = sourcecode.swift; path = AppleITuneAPI.swift; sourceTree = "<group>"; };
		4C97F2BB244D13A6006D760F /* DetailViewController.swift */ = {isa = PBXFileReference; lastKnownFileType = sourcecode.swift; path = DetailViewController.swift; sourceTree = "<group>"; };
		4CB95776244EBA9B00A00229 /* UIView+Constraints.swift */ = {isa = PBXFileReference; lastKnownFileType = sourcecode.swift; path = "UIView+Constraints.swift"; sourceTree = "<group>"; };
		4CB95778244ED5E800A00229 /* URL+DownloadImage.swift */ = {isa = PBXFileReference; lastKnownFileType = sourcecode.swift; path = "URL+DownloadImage.swift"; sourceTree = "<group>"; };
		4CB9577A244EE6C200A00229 /* AlbumInfoViewModel.swift */ = {isa = PBXFileReference; lastKnownFileType = sourcecode.swift; path = AlbumInfoViewModel.swift; sourceTree = "<group>"; };
		4CD206BC244AC1F100560B93 /* Apple-Music.app */ = {isa = PBXFileReference; explicitFileType = wrapper.application; includeInIndex = 0; path = "Apple-Music.app"; sourceTree = BUILT_PRODUCTS_DIR; };
		4CD206BF244AC1F100560B93 /* AppDelegate.swift */ = {isa = PBXFileReference; lastKnownFileType = sourcecode.swift; path = AppDelegate.swift; sourceTree = "<group>"; };
		4CD206C3244AC1F100560B93 /* HomeViewController.swift */ = {isa = PBXFileReference; lastKnownFileType = sourcecode.swift; path = HomeViewController.swift; sourceTree = "<group>"; };
		4CD206C8244AC1F300560B93 /* Assets.xcassets */ = {isa = PBXFileReference; lastKnownFileType = folder.assetcatalog; path = Assets.xcassets; sourceTree = "<group>"; };
		4CD206CB244AC1F300560B93 /* Base */ = {isa = PBXFileReference; lastKnownFileType = file.storyboard; name = Base; path = Base.lproj/LaunchScreen.storyboard; sourceTree = "<group>"; };
		4CD206CD244AC1F300560B93 /* Info.plist */ = {isa = PBXFileReference; lastKnownFileType = text.plist.xml; path = Info.plist; sourceTree = "<group>"; };
		4CD206D3244B00D300560B93 /* CustomTableViewCell.swift */ = {isa = PBXFileReference; lastKnownFileType = sourcecode.swift; path = CustomTableViewCell.swift; sourceTree = "<group>"; };
/* End PBXFileReference section */

/* Begin PBXFrameworksBuildPhase section */
		4CD206B9244AC1F100560B93 /* Frameworks */ = {
			isa = PBXFrameworksBuildPhase;
			buildActionMask = 2147483647;
			files = (
			);
			runOnlyForDeploymentPostprocessing = 0;
		};
/* End PBXFrameworksBuildPhase section */

/* Begin PBXGroup section */
		4C97F2AE244CF2E3006D760F /* Model */ = {
			isa = PBXGroup;
			children = (
				4C97F2AC244CF263006D760F /* Album.swift */,
			);
			path = Model;
			sourceTree = "<group>";
		};
		4C97F2AF244CF2EA006D760F /* View */ = {
			isa = PBXGroup;
			children = (
				4CD206D3244B00D300560B93 /* CustomTableViewCell.swift */,
				4C262C092450CFA600B2D21C /* CellsID.swift */,
			);
			path = View;
			sourceTree = "<group>";
		};
		4C97F2B0244CF2F2006D760F /* ViewModel */ = {
			isa = PBXGroup;
			children = (
				4C97F2B1244CFF3F006D760F /* AlbumViewModel.swift */,
				4CB9577A244EE6C200A00229 /* AlbumInfoViewModel.swift */,
			);
			path = ViewModel;
			sourceTree = "<group>";
		};
		4C97F2B3244D0074006D760F /* Services */ = {
			isa = PBXGroup;
			children = (
				4C97F2B4244D00B9006D760F /* AlbumsService.swift */,
				4C97F2B6244D01DA006D760F /* AppleITuneAPI.swift */,
				3F2BF916245073EE00B2CCA6 /* ImageService.swift */,
			);
			path = Services;
			sourceTree = "<group>";
		};
		4C97F2B8244D134B006D760F /* Controllers */ = {
			isa = PBXGroup;
			children = (
				4CD206C3244AC1F100560B93 /* HomeViewController.swift */,
				4C97F2BB244D13A6006D760F /* DetailViewController.swift */,
			);
			path = Controllers;
			sourceTree = "<group>";
		};
		4CB95775244EBA6100A00229 /* Extensions */ = {
			isa = PBXGroup;
			children = (
				4CB95776244EBA9B00A00229 /* UIView+Constraints.swift */,
				4CB95778244ED5E800A00229 /* URL+DownloadImage.swift */,
			);
			path = Extensions;
			sourceTree = "<group>";
		};
		4CD206B3244AC1F100560B93 = {
			isa = PBXGroup;
			children = (
				4CD206BE244AC1F100560B93 /* Apple-Music */,
				4CD206BD244AC1F100560B93 /* Products */,
			);
			sourceTree = "<group>";
		};
		4CD206BD244AC1F100560B93 /* Products */ = {
			isa = PBXGroup;
			children = (
				4CD206BC244AC1F100560B93 /* Apple-Music.app */,
			);
			name = Products;
			sourceTree = "<group>";
		};
		4CD206BE244AC1F100560B93 /* Apple-Music */ = {
			isa = PBXGroup;
			children = (
				4C97F2AE244CF2E3006D760F /* Model */,
				4C97F2AF244CF2EA006D760F /* View */,
				4C97F2B0244CF2F2006D760F /* ViewModel */,
				4C97F2B8244D134B006D760F /* Controllers */,
				4C97F2B3244D0074006D760F /* Services */,
				4CB95775244EBA6100A00229 /* Extensions */,
				4CD206BF244AC1F100560B93 /* AppDelegate.swift */,
				4C97F2AA244C137A006D760F /* mockAlbum.json */,
				4CD206C8244AC1F300560B93 /* Assets.xcassets */,
				4CD206CA244AC1F300560B93 /* LaunchScreen.storyboard */,
				4CD206CD244AC1F300560B93 /* Info.plist */,
			);
			path = "Apple-Music";
			sourceTree = "<group>";
		};
/* End PBXGroup section */

/* Begin PBXNativeTarget section */
		4CD206BB244AC1F100560B93 /* Apple-Music */ = {
			isa = PBXNativeTarget;
			buildConfigurationList = 4CD206D0244AC1F300560B93 /* Build configuration list for PBXNativeTarget "Apple-Music" */;
			buildPhases = (
				4CD206B8244AC1F100560B93 /* Sources */,
				4CD206B9244AC1F100560B93 /* Frameworks */,
				4CD206BA244AC1F100560B93 /* Resources */,
			);
			buildRules = (
			);
			dependencies = (
			);
			name = "Apple-Music";
			productName = "Apple-Music";
			productReference = 4CD206BC244AC1F100560B93 /* Apple-Music.app */;
			productType = "com.apple.product-type.application";
		};
/* End PBXNativeTarget section */

/* Begin PBXProject section */
		4CD206B4244AC1F100560B93 /* Project object */ = {
			isa = PBXProject;
			attributes = {
				LastSwiftUpdateCheck = 1100;
				LastUpgradeCheck = 1100;
				ORGANIZATIONNAME = CongLeSolutionX;
				TargetAttributes = {
					4CD206BB244AC1F100560B93 = {
						CreatedOnToolsVersion = 11.0;
					};
				};
			};
			buildConfigurationList = 4CD206B7244AC1F100560B93 /* Build configuration list for PBXProject "Apple-Music" */;
			compatibilityVersion = "Xcode 9.3";
			developmentRegion = en;
			hasScannedForEncodings = 0;
			knownRegions = (
				en,
				Base,
			);
			mainGroup = 4CD206B3244AC1F100560B93;
			productRefGroup = 4CD206BD244AC1F100560B93 /* Products */;
			projectDirPath = "";
			projectRoot = "";
			targets = (
				4CD206BB244AC1F100560B93 /* Apple-Music */,
			);
		};
/* End PBXProject section */

/* Begin PBXResourcesBuildPhase section */
		4CD206BA244AC1F100560B93 /* Resources */ = {
			isa = PBXResourcesBuildPhase;
			buildActionMask = 2147483647;
			files = (
				4C97F2AB244C137A006D760F /* mockAlbum.json in Resources */,
				4CD206CC244AC1F300560B93 /* LaunchScreen.storyboard in Resources */,
				4CD206C9244AC1F300560B93 /* Assets.xcassets in Resources */,
			);
			runOnlyForDeploymentPostprocessing = 0;
		};
/* End PBXResourcesBuildPhase section */

/* Begin PBXSourcesBuildPhase section */
		4CD206B8244AC1F100560B93 /* Sources */ = {
			isa = PBXSourcesBuildPhase;
			buildActionMask = 2147483647;
			files = (
				4C97F2B7244D01DA006D760F /* AppleITuneAPI.swift in Sources */,
				4C262C0A2450CFA600B2D21C /* CellsID.swift in Sources */,
				4CB95779244ED5E800A00229 /* URL+DownloadImage.swift in Sources */,
				4C97F2B2244CFF3F006D760F /* AlbumViewModel.swift in Sources */,
				4CD206D4244B00D300560B93 /* CustomTableViewCell.swift in Sources */,
				4CB95777244EBA9B00A00229 /* UIView+Constraints.swift in Sources */,
				3F2BF917245073EE00B2CCA6 /* ImageService.swift in Sources */,
				4CD206C4244AC1F100560B93 /* HomeViewController.swift in Sources */,
				4C97F2AD244CF263006D760F /* Album.swift in Sources */,
				4CD206C0244AC1F100560B93 /* AppDelegate.swift in Sources */,
				4CB9577B244EE6C200A00229 /* AlbumInfoViewModel.swift in Sources */,
				4C97F2B5244D00B9006D760F /* AlbumsService.swift in Sources */,
				4C97F2BC244D13A6006D760F /* DetailViewController.swift in Sources */,
			);
			runOnlyForDeploymentPostprocessing = 0;
		};
/* End PBXSourcesBuildPhase section */

/* Begin PBXVariantGroup section */
		4CD206CA244AC1F300560B93 /* LaunchScreen.storyboard */ = {
			isa = PBXVariantGroup;
			children = (
				4CD206CB244AC1F300560B93 /* Base */,
			);
			name = LaunchScreen.storyboard;
			sourceTree = "<group>";
		};
/* End PBXVariantGroup section */

/* Begin XCBuildConfiguration section */
		4CD206CE244AC1F300560B93 /* Debug */ = {
			isa = XCBuildConfiguration;
			buildSettings = {
				ALWAYS_SEARCH_USER_PATHS = NO;
				CLANG_ANALYZER_NONNULL = YES;
				CLANG_ANALYZER_NUMBER_OBJECT_CONVERSION = YES_AGGRESSIVE;
				CLANG_CXX_LANGUAGE_STANDARD = "gnu++14";
				CLANG_CXX_LIBRARY = "libc++";
				CLANG_ENABLE_MODULES = YES;
				CLANG_ENABLE_OBJC_ARC = YES;
				CLANG_ENABLE_OBJC_WEAK = YES;
				CLANG_WARN_BLOCK_CAPTURE_AUTORELEASING = YES;
				CLANG_WARN_BOOL_CONVERSION = YES;
				CLANG_WARN_COMMA = YES;
				CLANG_WARN_CONSTANT_CONVERSION = YES;
				CLANG_WARN_DEPRECATED_OBJC_IMPLEMENTATIONS = YES;
				CLANG_WARN_DIRECT_OBJC_ISA_USAGE = YES_ERROR;
				CLANG_WARN_DOCUMENTATION_COMMENTS = YES;
				CLANG_WARN_EMPTY_BODY = YES;
				CLANG_WARN_ENUM_CONVERSION = YES;
				CLANG_WARN_INFINITE_RECURSION = YES;
				CLANG_WARN_INT_CONVERSION = YES;
				CLANG_WARN_NON_LITERAL_NULL_CONVERSION = YES;
				CLANG_WARN_OBJC_IMPLICIT_RETAIN_SELF = YES;
				CLANG_WARN_OBJC_LITERAL_CONVERSION = YES;
				CLANG_WARN_OBJC_ROOT_CLASS = YES_ERROR;
				CLANG_WARN_RANGE_LOOP_ANALYSIS = YES;
				CLANG_WARN_STRICT_PROTOTYPES = YES;
				CLANG_WARN_SUSPICIOUS_MOVE = YES;
				CLANG_WARN_UNGUARDED_AVAILABILITY = YES_AGGRESSIVE;
				CLANG_WARN_UNREACHABLE_CODE = YES;
				CLANG_WARN__DUPLICATE_METHOD_MATCH = YES;
				COPY_PHASE_STRIP = NO;
				DEBUG_INFORMATION_FORMAT = dwarf;
				ENABLE_STRICT_OBJC_MSGSEND = YES;
				ENABLE_TESTABILITY = YES;
				GCC_C_LANGUAGE_STANDARD = gnu11;
				GCC_DYNAMIC_NO_PIC = NO;
				GCC_NO_COMMON_BLOCKS = YES;
				GCC_OPTIMIZATION_LEVEL = 0;
				GCC_PREPROCESSOR_DEFINITIONS = (
					"DEBUG=1",
					"$(inherited)",
				);
				GCC_WARN_64_TO_32_BIT_CONVERSION = YES;
				GCC_WARN_ABOUT_RETURN_TYPE = YES_ERROR;
				GCC_WARN_UNDECLARED_SELECTOR = YES;
				GCC_WARN_UNINITIALIZED_AUTOS = YES_AGGRESSIVE;
				GCC_WARN_UNUSED_FUNCTION = YES;
				GCC_WARN_UNUSED_VARIABLE = YES;
				IPHONEOS_DEPLOYMENT_TARGET = 13.0;
				MTL_ENABLE_DEBUG_INFO = INCLUDE_SOURCE;
				MTL_FAST_MATH = YES;
				ONLY_ACTIVE_ARCH = YES;
				SDKROOT = iphoneos;
				SWIFT_ACTIVE_COMPILATION_CONDITIONS = DEBUG;
				SWIFT_OPTIMIZATION_LEVEL = "-Onone";
			};
			name = Debug;
		};
		4CD206CF244AC1F300560B93 /* Release */ = {
			isa = XCBuildConfiguration;
			buildSettings = {
				ALWAYS_SEARCH_USER_PATHS = NO;
				CLANG_ANALYZER_NONNULL = YES;
				CLANG_ANALYZER_NUMBER_OBJECT_CONVERSION = YES_AGGRESSIVE;
				CLANG_CXX_LANGUAGE_STANDARD = "gnu++14";
				CLANG_CXX_LIBRARY = "libc++";
				CLANG_ENABLE_MODULES = YES;
				CLANG_ENABLE_OBJC_ARC = YES;
				CLANG_ENABLE_OBJC_WEAK = YES;
				CLANG_WARN_BLOCK_CAPTURE_AUTORELEASING = YES;
				CLANG_WARN_BOOL_CONVERSION = YES;
				CLANG_WARN_COMMA = YES;
				CLANG_WARN_CONSTANT_CONVERSION = YES;
				CLANG_WARN_DEPRECATED_OBJC_IMPLEMENTATIONS = YES;
				CLANG_WARN_DIRECT_OBJC_ISA_USAGE = YES_ERROR;
				CLANG_WARN_DOCUMENTATION_COMMENTS = YES;
				CLANG_WARN_EMPTY_BODY = YES;
				CLANG_WARN_ENUM_CONVERSION = YES;
				CLANG_WARN_INFINITE_RECURSION = YES;
				CLANG_WARN_INT_CONVERSION = YES;
				CLANG_WARN_NON_LITERAL_NULL_CONVERSION = YES;
				CLANG_WARN_OBJC_IMPLICIT_RETAIN_SELF = YES;
				CLANG_WARN_OBJC_LITERAL_CONVERSION = YES;
				CLANG_WARN_OBJC_ROOT_CLASS = YES_ERROR;
				CLANG_WARN_RANGE_LOOP_ANALYSIS = YES;
				CLANG_WARN_STRICT_PROTOTYPES = YES;
				CLANG_WARN_SUSPICIOUS_MOVE = YES;
				CLANG_WARN_UNGUARDED_AVAILABILITY = YES_AGGRESSIVE;
				CLANG_WARN_UNREACHABLE_CODE = YES;
				CLANG_WARN__DUPLICATE_METHOD_MATCH = YES;
				COPY_PHASE_STRIP = NO;
				DEBUG_INFORMATION_FORMAT = "dwarf-with-dsym";
				ENABLE_NS_ASSERTIONS = NO;
				ENABLE_STRICT_OBJC_MSGSEND = YES;
				GCC_C_LANGUAGE_STANDARD = gnu11;
				GCC_NO_COMMON_BLOCKS = YES;
				GCC_WARN_64_TO_32_BIT_CONVERSION = YES;
				GCC_WARN_ABOUT_RETURN_TYPE = YES_ERROR;
				GCC_WARN_UNDECLARED_SELECTOR = YES;
				GCC_WARN_UNINITIALIZED_AUTOS = YES_AGGRESSIVE;
				GCC_WARN_UNUSED_FUNCTION = YES;
				GCC_WARN_UNUSED_VARIABLE = YES;
				IPHONEOS_DEPLOYMENT_TARGET = 13.0;
				MTL_ENABLE_DEBUG_INFO = NO;
				MTL_FAST_MATH = YES;
				SDKROOT = iphoneos;
				SWIFT_COMPILATION_MODE = wholemodule;
				SWIFT_OPTIMIZATION_LEVEL = "-O";
				VALIDATE_PRODUCT = YES;
			};
			name = Release;
		};
		4CD206D1244AC1F300560B93 /* Debug */ = {
			isa = XCBuildConfiguration;
			buildSettings = {
				ASSETCATALOG_COMPILER_APPICON_NAME = AppIcon;
				CODE_SIGN_STYLE = Automatic;
				DEVELOPMENT_TEAM = 99WD9D6Y46;
				INFOPLIST_FILE = "Apple-Music/Info.plist";
				LD_RUNPATH_SEARCH_PATHS = (
					"$(inherited)",
					"@executable_path/Frameworks",
				);
				PRODUCT_BUNDLE_IDENTIFIER = "tech.CongLeSolutionX.Apple-Music";
				PRODUCT_NAME = "$(TARGET_NAME)";
				SWIFT_VERSION = 5.0;
				TARGETED_DEVICE_FAMILY = "1,2";
			};
			name = Debug;
		};
		4CD206D2244AC1F300560B93 /* Release */ = {
			isa = XCBuildConfiguration;
			buildSettings = {
				ASSETCATALOG_COMPILER_APPICON_NAME = AppIcon;
				CODE_SIGN_STYLE = Automatic;
				DEVELOPMENT_TEAM = 99WD9D6Y46;
				INFOPLIST_FILE = "Apple-Music/Info.plist";
				LD_RUNPATH_SEARCH_PATHS = (
					"$(inherited)",
					"@executable_path/Frameworks",
				);
				PRODUCT_BUNDLE_IDENTIFIER = "tech.CongLeSolutionX.Apple-Music";
				PRODUCT_NAME = "$(TARGET_NAME)";
				SWIFT_VERSION = 5.0;
				TARGETED_DEVICE_FAMILY = "1,2";
			};
			name = Release;
		};
/* End XCBuildConfiguration section */

/* Begin XCConfigurationList section */
		4CD206B7244AC1F100560B93 /* Build configuration list for PBXProject "Apple-Music" */ = {
			isa = XCConfigurationList;
			buildConfigurations = (
				4CD206CE244AC1F300560B93 /* Debug */,
				4CD206CF244AC1F300560B93 /* Release */,
			);
			defaultConfigurationIsVisible = 0;
			defaultConfigurationName = Release;
		};
		4CD206D0244AC1F300560B93 /* Build configuration list for PBXNativeTarget "Apple-Music" */ = {
			isa = XCConfigurationList;
			buildConfigurations = (
				4CD206D1244AC1F300560B93 /* Debug */,
				4CD206D2244AC1F300560B93 /* Release */,
			);
			defaultConfigurationIsVisible = 0;
			defaultConfigurationName = Release;
		};
/* End XCConfigurationList section */
	};
	rootObject = 4CD206B4244AC1F100560B93 /* Project object */;
}
